
Microsoft Visual Studio Solution File, Format Version 12.00
# Visual Studio 15
VisualStudioVersion = 15.0.28307.1145
MinimumVisualStudioVersion = 10.0.40219.1
Project("{FAE04EC0-301F-11D3-BF4B-00C04F79EFBC}") = "DesignPatterns", "DesignPatterns\DesignPatterns.csproj", "{B702CDC9-8A5F-4DFF-80AD-C52F297BAD00}"
EndProject
Project("{FAE04EC0-301F-11D3-BF4B-00C04F79EFBC}") = "EmployeePortal", "EmployeePortal\EmployeePortal.csproj", "{9C236ACD-DE1B-4E0B-94B5-8D09F46CD994}"
EndProject
Project("{FAE04EC0-301F-11D3-BF4B-00C04F79EFBC}") = "Logger", "Logger\Logger.csproj", "{348DB978-C928-4310-B419-BFF713FC971D}"
EndProject
Project("{FAE04EC0-301F-11D3-BF4B-00C04F79EFBC}") = "ShallowAndDeepCopy", "ShallowAndDeepCopy\ShallowAndDeepCopy.csproj", "{47783DF6-3ECD-4057-9ECE-C80573467783}"
EndProject
Project("{FAE04EC0-301F-11D3-BF4B-00C04F79EFBC}") = "PrototypeDemoConsole", "PrototypeDemoConsole\PrototypeDemoConsole.csproj", "{8778C430-6C7D-4B8B-9E06-467D00A6A5D9}"
EndProject
Project("{FAE04EC0-301F-11D3-BF4B-00C04F79EFBC}") = "PrototypeCustomConsole", "PrototypeCustomConsole\PrototypeCustomConsole.csproj", "{94720A39-4970-4EAD-9AD4-AFB35DD1C8AF}"
EndProject
Project("{FAE04EC0-301F-11D3-BF4B-00C04F79EFBC}") = "AdapterDesignPattern", "AdapterDesignPattern\AdapterDesignPattern.csproj", "{53881F36-6527-4D74-BE3E-5D320E753365}"
EndProject
Project("{FAE04EC0-301F-11D3-BF4B-00C04F79EFBC}") = "BridgeDesignPattern", "BridgeDesignPattern\BridgeDesignPattern.csproj", "{B770F917-536C-4154-88B3-CED400F6C8F7}"
EndProject
Project("{FAE04EC0-301F-11D3-BF4B-00C04F79EFBC}") = "CompositeDesignPattern", "CompositeDesignPattern\CompositeDesignPattern.csproj", "{AE6FAE38-3A6D-4119-92E2-15804A0783DE}"
EndProject
Project("{FAE04EC0-301F-11D3-BF4B-00C04F79EFBC}") = "DecoratorDemo", "DecoratorDemo\DecoratorDemo.csproj", "{3A1EFE3F-253C-4509-9495-AFF9B0364323}"
EndProject
Project("{FAE04EC0-301F-11D3-BF4B-00C04F79EFBC}") = "ShoppingCart", "ShoppingCart\ShoppingCart.csproj", "{97E2236B-3205-483B-A3A2-94CFEFD5C2B4}"
EndProject
Project("{FAE04EC0-301F-11D3-BF4B-00C04F79EFBC}") = "FacadeDemo", "FacadeDemo\FacadeDemo.csproj", "{6A4D6CD8-51D2-4BB8-A81C-2BC5B7124B44}"
	ProjectSection(ProjectDependencies) = postProject
		{F250BF59-6EAD-4B91-8C7A-2998E475ECD2} = {F250BF59-6EAD-4B91-8C7A-2998E475ECD2}
		{97E2236B-3205-483B-A3A2-94CFEFD5C2B4} = {97E2236B-3205-483B-A3A2-94CFEFD5C2B4}
	EndProjectSection
EndProject
Project("{FAE04EC0-301F-11D3-BF4B-00C04F79EFBC}") = "ShoppingFacade", "ShoppingFacade\ShoppingFacade.csproj", "{F250BF59-6EAD-4B91-8C7A-2998E475ECD2}"
	ProjectSection(ProjectDependencies) = postProject
		{97E2236B-3205-483B-A3A2-94CFEFD5C2B4} = {97E2236B-3205-483B-A3A2-94CFEFD5C2B4}
	EndProjectSection
EndProject
Global
	GlobalSection(SolutionConfigurationPlatforms) = preSolution
		Debug|Any CPU = Debug|Any CPU
		Release|Any CPU = Release|Any CPU
	EndGlobalSection
	GlobalSection(ProjectConfigurationPlatforms) = postSolution
		{B702CDC9-8A5F-4DFF-80AD-C52F297BAD00}.Debug|Any CPU.ActiveCfg = Debug|Any CPU
		{B702CDC9-8A5F-4DFF-80AD-C52F297BAD00}.Debug|Any CPU.Build.0 = Debug|Any CPU
		{B702CDC9-8A5F-4DFF-80AD-C52F297BAD00}.Release|Any CPU.ActiveCfg = Release|Any CPU
		{B702CDC9-8A5F-4DFF-80AD-C52F297BAD00}.Release|Any CPU.Build.0 = Release|Any CPU
		{9C236ACD-DE1B-4E0B-94B5-8D09F46CD994}.Debug|Any CPU.ActiveCfg = Debug|Any CPU
		{9C236ACD-DE1B-4E0B-94B5-8D09F46CD994}.Debug|Any CPU.Build.0 = Debug|Any CPU
		{9C236ACD-DE1B-4E0B-94B5-8D09F46CD994}.Release|Any CPU.ActiveCfg = Release|Any CPU
		{9C236ACD-DE1B-4E0B-94B5-8D09F46CD994}.Release|Any CPU.Build.0 = Release|Any CPU
		{348DB978-C928-4310-B419-BFF713FC971D}.Debug|Any CPU.ActiveCfg = Debug|Any CPU
		{348DB978-C928-4310-B419-BFF713FC971D}.Debug|Any CPU.Build.0 = Debug|Any CPU
		{348DB978-C928-4310-B419-BFF713FC971D}.Release|Any CPU.ActiveCfg = Release|Any CPU
		{348DB978-C928-4310-B419-BFF713FC971D}.Release|Any CPU.Build.0 = Release|Any CPU
		{47783DF6-3ECD-4057-9ECE-C80573467783}.Debug|Any CPU.ActiveCfg = Debug|Any CPU
		{47783DF6-3ECD-4057-9ECE-C80573467783}.Debug|Any CPU.Build.0 = Debug|Any CPU
		{47783DF6-3ECD-4057-9ECE-C80573467783}.Release|Any CPU.ActiveCfg = Release|Any CPU
		{47783DF6-3ECD-4057-9ECE-C80573467783}.Release|Any CPU.Build.0 = Release|Any CPU
		{8778C430-6C7D-4B8B-9E06-467D00A6A5D9}.Debug|Any CPU.ActiveCfg = Debug|Any CPU
		{8778C430-6C7D-4B8B-9E06-467D00A6A5D9}.Debug|Any CPU.Build.0 = Debug|Any CPU
		{8778C430-6C7D-4B8B-9E06-467D00A6A5D9}.Release|Any CPU.ActiveCfg = Release|Any CPU
		{8778C430-6C7D-4B8B-9E06-467D00A6A5D9}.Release|Any CPU.Build.0 = Release|Any CPU
		{94720A39-4970-4EAD-9AD4-AFB35DD1C8AF}.Debug|Any CPU.ActiveCfg = Debug|Any CPU
		{94720A39-4970-4EAD-9AD4-AFB35DD1C8AF}.Debug|Any CPU.Build.0 = Debug|Any CPU
		{94720A39-4970-4EAD-9AD4-AFB35DD1C8AF}.Release|Any CPU.ActiveCfg = Release|Any CPU
		{94720A39-4970-4EAD-9AD4-AFB35DD1C8AF}.Release|Any CPU.Build.0 = Release|Any CPU
		{53881F36-6527-4D74-BE3E-5D320E753365}.Debug|Any CPU.ActiveCfg = Debug|Any CPU
		{53881F36-6527-4D74-BE3E-5D320E753365}.Debug|Any CPU.Build.0 = Debug|Any CPU
		{53881F36-6527-4D74-BE3E-5D320E753365}.Release|Any CPU.ActiveCfg = Release|Any CPU
		{53881F36-6527-4D74-BE3E-5D320E753365}.Release|Any CPU.Build.0 = Release|Any CPU
		{B770F917-536C-4154-88B3-CED400F6C8F7}.Debug|Any CPU.ActiveCfg = Debug|Any CPU
		{B770F917-536C-4154-88B3-CED400F6C8F7}.Debug|Any CPU.Build.0 = Debug|Any CPU
		{B770F917-536C-4154-88B3-CED400F6C8F7}.Release|Any CPU.ActiveCfg = Release|Any CPU
		{B770F917-536C-4154-88B3-CED400F6C8F7}.Release|Any CPU.Build.0 = Release|Any CPU
		{AE6FAE38-3A6D-4119-92E2-15804A0783DE}.Debug|Any CPU.ActiveCfg = Debug|Any CPU
		{AE6FAE38-3A6D-4119-92E2-15804A0783DE}.Debug|Any CPU.Build.0 = Debug|Any CPU
		{AE6FAE38-3A6D-4119-92E2-15804A0783DE}.Release|Any CPU.ActiveCfg = Release|Any CPU
		{AE6FAE38-3A6D-4119-92E2-15804A0783DE}.Release|Any CPU.Build.0 = Release|Any CPU
		{3A1EFE3F-253C-4509-9495-AFF9B0364323}.Debug|Any CPU.ActiveCfg = Debug|Any CPU
		{3A1EFE3F-253C-4509-9495-AFF9B0364323}.Debug|Any CPU.Build.0 = Debug|Any CPU
		{3A1EFE3F-253C-4509-9495-AFF9B0364323}.Release|Any CPU.ActiveCfg = Release|Any CPU
		{3A1EFE3F-253C-4509-9495-AFF9B0364323}.Release|Any CPU.Build.0 = Release|Any CPU
		{97E2236B-3205-483B-A3A2-94CFEFD5C2B4}.Debug|Any CPU.ActiveCfg = Debug|Any CPU
		{97E2236B-3205-483B-A3A2-94CFEFD5C2B4}.Debug|Any CPU.Build.0 = Debug|Any CPU
		{97E2236B-3205-483B-A3A2-94CFEFD5C2B4}.Release|Any CPU.ActiveCfg = Release|Any CPU
		{97E2236B-3205-483B-A3A2-94CFEFD5C2B4}.Release|Any CPU.Build.0 = Release|Any CPU
		{6A4D6CD8-51D2-4BB8-A81C-2BC5B7124B44}.Debug|Any CPU.ActiveCfg = Debug|Any CPU
		{6A4D6CD8-51D2-4BB8-A81C-2BC5B7124B44}.Debug|Any CPU.Build.0 = Debug|Any CPU
		{6A4D6CD8-51D2-4BB8-A81C-2BC5B7124B44}.Release|Any CPU.ActiveCfg = Release|Any CPU
		{6A4D6CD8-51D2-4BB8-A81C-2BC5B7124B44}.Release|Any CPU.Build.0 = Release|Any CPU
		{F250BF59-6EAD-4B91-8C7A-2998E475ECD2}.Debug|Any CPU.ActiveCfg = Debug|Any CPU
		{F250BF59-6EAD-4B91-8C7A-2998E475ECD2}.Debug|Any CPU.Build.0 = Debug|Any CPU
		{F250BF59-6EAD-4B91-8C7A-2998E475ECD2}.Release|Any CPU.ActiveCfg = Release|Any CPU
		{F250BF59-6EAD-4B91-8C7A-2998E475ECD2}.Release|Any CPU.Build.0 = Release|Any CPU
	EndGlobalSection
	GlobalSection(SolutionProperties) = preSolution
		HideSolutionNode = FALSE
	EndGlobalSection
	GlobalSection(ExtensibilityGlobals) = postSolution
		SolutionGuid = {1676C450-5EFB-48F1-92BC-A89C75A32AF3}
	EndGlobalSection
EndGlobal
